
Microsoft Visual Studio Solution File, Format Version 12.00
# Visual Studio Version 17
VisualStudioVersion = 17.9.34723.18
MinimumVisualStudioVersion = 10.0.40219.1
Project("{FAE04EC0-301F-11D3-BF4B-00C04F79EFBC}") = "CSharpEgitimKampi501", "CSharpEgitimKampi501\CSharpEgitimKampi501.csproj", "{8CB50A49-527E-4FB1-B937-F3FDAE2CEFB3}"
EndProject
Global
	GlobalSection(SolutionConfigurationPlatforms) = preSolution
		Debug|Any CPU = Debug|Any CPU
		Release|Any CPU = Release|Any CPU
	EndGlobalSection
	GlobalSection(ProjectConfigurationPlatforms) = postSolution
		{8CB50A49-527E-4FB1-B937-F3FDAE2CEFB3}.Debug|Any CPU.ActiveCfg = Debug|Any CPU
		{8CB50A49-527E-4FB1-B937-F3FDAE2CEFB3}.Debug|Any CPU.Build.0 = Debug|Any CPU
		{8CB50A49-527E-4FB1-B937-F3FDAE2CEFB3}.Release|Any CPU.ActiveCfg = Release|Any CPU
		{8CB50A49-527E-4FB1-B937-F3FDAE2CEFB3}.Release|Any CPU.Build.0 = Release|Any CPU
	EndGlobalSection
	GlobalSection(SolutionProperties) = preSolution
		HideSolutionNode = FALSE
	EndGlobalSection
	GlobalSection(ExtensibilityGlobals) = postSolution
		SolutionGuid = {A17E536C-3E9B-426C-9DEA-5FF2496EB5C9}
	EndGlobalSection
EndGlobal
